
Microsoft Visual Studio Solution File, Format Version 12.00
# Visual Studio 14
VisualStudioVersion = 14.0.23107.0
MinimumVisualStudioVersion = 10.0.40219.1
Project("{FAE04EC0-301F-11D3-BF4B-00C04F79EFBC}") = "1.DeclareVariables", "1.DeclareVariables\1.DeclareVariables.csproj", "{8D6A6363-088E-49F4-BEDD-75B3FB3D65DD}"
EndProject
Project("{FAE04EC0-301F-11D3-BF4B-00C04F79EFBC}") = "2.FloatOrDouble", "2.FloatOrDouble\2.FloatOrDouble.csproj", "{EC4C17FC-4E7D-4841-9B62-9EF6664E5199}"
EndProject
Project("{FAE04EC0-301F-11D3-BF4B-00C04F79EFBC}") = "3.VariableInHexadecimalFormat", "3.VariableInHexadecimalFormat\3.VariableInHexadecimalFormat.csproj", "{27E6119B-3693-41B4-8D18-7E2C8C1646BD}"
EndProject
Project("{FAE04EC0-301F-11D3-BF4B-00C04F79EFBC}") = "4.UnicodeCharacter", "4.UnicodeCharacter\4.UnicodeCharacter.csproj", "{1D525DA9-F0BC-4237-8A94-50AC6A0B90F2}"
EndProject
Project("{FAE04EC0-301F-11D3-BF4B-00C04F79EFBC}") = "5.BooleanVariable", "5.BooleanVariable\5.BooleanVariable.csproj", "{D55A42B3-5421-4CC5-BA17-EBBE03A93812}"
EndProject
Project("{FAE04EC0-301F-11D3-BF4B-00C04F79EFBC}") = "6.StringsAndObjects", "6.StringsAndObjects\6.StringsAndObjects.csproj", "{2564B711-EBF5-4BEC-815D-ADBD17184340}"
EndProject
Project("{FAE04EC0-301F-11D3-BF4B-00C04F79EFBC}") = "7.QuotesInStrings", "7.QuotesInStrings\7.QuotesInStrings.csproj", "{C63D236F-2163-4D2C-B505-FF81DD1704DD}"
EndProject
Project("{FAE04EC0-301F-11D3-BF4B-00C04F79EFBC}") = "8.IsoscelesTriangle", "8.IsoscelesTriangle\8.IsoscelesTriangle.csproj", "{D8A2C225-141E-4D74-914C-CC2815122551}"
EndProject
Project("{FAE04EC0-301F-11D3-BF4B-00C04F79EFBC}") = "9.ExchangeVariableValues", "9.ExchangeVariableValues\9.ExchangeVariableValues.csproj", "{85F2300D-F648-45D7-88CE-C0A4F411FAB8}"
EndProject
Project("{FAE04EC0-301F-11D3-BF4B-00C04F79EFBC}") = "10.EmployeeData", "10.EmployeeData\10.EmployeeData.csproj", "{4FED70D4-7BA9-402C-85D1-2ECAADAB16B6}"
EndProject
Project("{FAE04EC0-301F-11D3-BF4B-00C04F79EFBC}") = "11.BankAccountData", "11.BankAccountData\11.BankAccountData.csproj", "{28A421E1-B896-4A2B-9DA5-6D3E6B0FD4E9}"
EndProject
Project("{FAE04EC0-301F-11D3-BF4B-00C04F79EFBC}") = "12.NullValuesArithmetic", "12.NullValuesArithmetic\12.NullValuesArithmetic.csproj", "{C0EE5A17-AE35-47D9-AB56-1F8579DD6F90}"
EndProject
Global
	GlobalSection(SolutionConfigurationPlatforms) = preSolution
		Debug|Any CPU = Debug|Any CPU
		Release|Any CPU = Release|Any CPU
	EndGlobalSection
	GlobalSection(ProjectConfigurationPlatforms) = postSolution
		{8D6A6363-088E-49F4-BEDD-75B3FB3D65DD}.Debug|Any CPU.ActiveCfg = Debug|Any CPU
		{8D6A6363-088E-49F4-BEDD-75B3FB3D65DD}.Debug|Any CPU.Build.0 = Debug|Any CPU
		{8D6A6363-088E-49F4-BEDD-75B3FB3D65DD}.Release|Any CPU.ActiveCfg = Release|Any CPU
		{8D6A6363-088E-49F4-BEDD-75B3FB3D65DD}.Release|Any CPU.Build.0 = Release|Any CPU
		{EC4C17FC-4E7D-4841-9B62-9EF6664E5199}.Debug|Any CPU.ActiveCfg = Debug|Any CPU
		{EC4C17FC-4E7D-4841-9B62-9EF6664E5199}.Debug|Any CPU.Build.0 = Debug|Any CPU
		{EC4C17FC-4E7D-4841-9B62-9EF6664E5199}.Release|Any CPU.ActiveCfg = Release|Any CPU
		{EC4C17FC-4E7D-4841-9B62-9EF6664E5199}.Release|Any CPU.Build.0 = Release|Any CPU
		{27E6119B-3693-41B4-8D18-7E2C8C1646BD}.Debug|Any CPU.ActiveCfg = Debug|Any CPU
		{27E6119B-3693-41B4-8D18-7E2C8C1646BD}.Debug|Any CPU.Build.0 = Debug|Any CPU
		{27E6119B-3693-41B4-8D18-7E2C8C1646BD}.Release|Any CPU.ActiveCfg = Release|Any CPU
		{27E6119B-3693-41B4-8D18-7E2C8C1646BD}.Release|Any CPU.Build.0 = Release|Any CPU
		{1D525DA9-F0BC-4237-8A94-50AC6A0B90F2}.Debug|Any CPU.ActiveCfg = Debug|Any CPU
		{1D525DA9-F0BC-4237-8A94-50AC6A0B90F2}.Debug|Any CPU.Build.0 = Debug|Any CPU
		{1D525DA9-F0BC-4237-8A94-50AC6A0B90F2}.Release|Any CPU.ActiveCfg = Release|Any CPU
		{1D525DA9-F0BC-4237-8A94-50AC6A0B90F2}.Release|Any CPU.Build.0 = Release|Any CPU
		{D55A42B3-5421-4CC5-BA17-EBBE03A93812}.Debug|Any CPU.ActiveCfg = Debug|Any CPU
		{D55A42B3-5421-4CC5-BA17-EBBE03A93812}.Debug|Any CPU.Build.0 = Debug|Any CPU
		{D55A42B3-5421-4CC5-BA17-EBBE03A93812}.Release|Any CPU.ActiveCfg = Release|Any CPU
		{D55A42B3-5421-4CC5-BA17-EBBE03A93812}.Release|Any CPU.Build.0 = Release|Any CPU
		{2564B711-EBF5-4BEC-815D-ADBD17184340}.Debug|Any CPU.ActiveCfg = Debug|Any CPU
		{2564B711-EBF5-4BEC-815D-ADBD17184340}.Debug|Any CPU.Build.0 = Debug|Any CPU
		{2564B711-EBF5-4BEC-815D-ADBD17184340}.Release|Any CPU.ActiveCfg = Release|Any CPU
		{2564B711-EBF5-4BEC-815D-ADBD17184340}.Release|Any CPU.Build.0 = Release|Any CPU
		{C63D236F-2163-4D2C-B505-FF81DD1704DD}.Debug|Any CPU.ActiveCfg = Debug|Any CPU
		{C63D236F-2163-4D2C-B505-FF81DD1704DD}.Debug|Any CPU.Build.0 = Debug|Any CPU
		{C63D236F-2163-4D2C-B505-FF81DD1704DD}.Release|Any CPU.ActiveCfg = Release|Any CPU
		{C63D236F-2163-4D2C-B505-FF81DD1704DD}.Release|Any CPU.Build.0 = Release|Any CPU
		{D8A2C225-141E-4D74-914C-CC2815122551}.Debug|Any CPU.ActiveCfg = Debug|Any CPU
		{D8A2C225-141E-4D74-914C-CC2815122551}.Debug|Any CPU.Build.0 = Debug|Any CPU
		{D8A2C225-141E-4D74-914C-CC2815122551}.Release|Any CPU.ActiveCfg = Release|Any CPU
		{D8A2C225-141E-4D74-914C-CC2815122551}.Release|Any CPU.Build.0 = Release|Any CPU
		{85F2300D-F648-45D7-88CE-C0A4F411FAB8}.Debug|Any CPU.ActiveCfg = Debug|Any CPU
		{85F2300D-F648-45D7-88CE-C0A4F411FAB8}.Debug|Any CPU.Build.0 = Debug|Any CPU
		{85F2300D-F648-45D7-88CE-C0A4F411FAB8}.Release|Any CPU.ActiveCfg = Release|Any CPU
		{85F2300D-F648-45D7-88CE-C0A4F411FAB8}.Release|Any CPU.Build.0 = Release|Any CPU
		{4FED70D4-7BA9-402C-85D1-2ECAADAB16B6}.Debug|Any CPU.ActiveCfg = Debug|Any CPU
		{4FED70D4-7BA9-402C-85D1-2ECAADAB16B6}.Debug|Any CPU.Build.0 = Debug|Any CPU
		{4FED70D4-7BA9-402C-85D1-2ECAADAB16B6}.Release|Any CPU.ActiveCfg = Release|Any CPU
		{4FED70D4-7BA9-402C-85D1-2ECAADAB16B6}.Release|Any CPU.Build.0 = Release|Any CPU
		{28A421E1-B896-4A2B-9DA5-6D3E6B0FD4E9}.Debug|Any CPU.ActiveCfg = Debug|Any CPU
		{28A421E1-B896-4A2B-9DA5-6D3E6B0FD4E9}.Debug|Any CPU.Build.0 = Debug|Any CPU
		{28A421E1-B896-4A2B-9DA5-6D3E6B0FD4E9}.Release|Any CPU.ActiveCfg = Release|Any CPU
		{28A421E1-B896-4A2B-9DA5-6D3E6B0FD4E9}.Release|Any CPU.Build.0 = Release|Any CPU
		{C0EE5A17-AE35-47D9-AB56-1F8579DD6F90}.Debug|Any CPU.ActiveCfg = Debug|Any CPU
		{C0EE5A17-AE35-47D9-AB56-1F8579DD6F90}.Debug|Any CPU.Build.0 = Debug|Any CPU
		{C0EE5A17-AE35-47D9-AB56-1F8579DD6F90}.Release|Any CPU.ActiveCfg = Release|Any CPU
		{C0EE5A17-AE35-47D9-AB56-1F8579DD6F90}.Release|Any CPU.Build.0 = Release|Any CPU
	EndGlobalSection
	GlobalSection(SolutionProperties) = preSolution
		HideSolutionNode = FALSE
	EndGlobalSection
EndGlobal
