
Microsoft Visual Studio Solution File, Format Version 12.00
# Visual Studio 14
VisualStudioVersion = 14.0.23107.0
MinimumVisualStudioVersion = 10.0.40219.1
Project("{FAE04EC0-301F-11D3-BF4B-00C04F79EFBC}") = "01.DeclareVariables", "01.DeclareVariables\01.DeclareVariables.csproj", "{E71D63DE-C3B3-4278-8D0F-0360CF374E50}"
EndProject
Project("{FAE04EC0-301F-11D3-BF4B-00C04F79EFBC}") = "02.FloatOrDouble", "02.FloatOrDouble\02.FloatOrDouble.csproj", "{2F09C7F8-6AA5-4855-B641-317FF36DBAA6}"
EndProject
Project("{FAE04EC0-301F-11D3-BF4B-00C04F79EFBC}") = "03.VariableInHexadecimalFormat", "03.VariableInHexadecimalFormat\03.VariableInHexadecimalFormat.csproj", "{06DDDB1A-9AF2-420C-B493-E4694741ED76}"
EndProject
Project("{FAE04EC0-301F-11D3-BF4B-00C04F79EFBC}") = "04.UnicodeCharacter", "04.UnicodeCharacter\04.UnicodeCharacter.csproj", "{349A6C37-8F86-4005-BAF7-8DF7F24F1BAD}"
EndProject
Project("{FAE04EC0-301F-11D3-BF4B-00C04F79EFBC}") = "05.BooleanVariable", "05.BooleanVariable\05.BooleanVariable.csproj", "{0A6A6E92-F45E-449C-A76E-82A4D4E08DBE}"
EndProject
Project("{FAE04EC0-301F-11D3-BF4B-00C04F79EFBC}") = "06.StringsAndObjects", "06.StringsAndObjects\06.StringsAndObjects.csproj", "{7F663233-CFBF-4E13-9799-508128BD1E67}"
EndProject
Project("{FAE04EC0-301F-11D3-BF4B-00C04F79EFBC}") = "07.QuotesInStrings", "07.QuotesInStrings\07.QuotesInStrings.csproj", "{BC5343BD-E4B7-423E-AD51-00FAE451A341}"
EndProject
Project("{FAE04EC0-301F-11D3-BF4B-00C04F79EFBC}") = "08.IsoscelesTriangle", "08.IsoscelesTriangle\08.IsoscelesTriangle.csproj", "{3C630B9E-7CCC-4DD9-B415-9BA6351EC224}"
EndProject
Project("{FAE04EC0-301F-11D3-BF4B-00C04F79EFBC}") = "09.ExchangeVariableValues", "09.ExchangeVariableValues\09.ExchangeVariableValues.csproj", "{FC5C1B0C-145A-4936-908B-A996FF7CD68C}"
EndProject
Project("{FAE04EC0-301F-11D3-BF4B-00C04F79EFBC}") = "10.EmployeeData", "10.EmployeeData\10.EmployeeData.csproj", "{23BE7BEE-A42E-49B2-BC53-C3F12C39A58C}"
EndProject
Project("{FAE04EC0-301F-11D3-BF4B-00C04F79EFBC}") = "11.BankAccountData", "11.BankAccountData\11.BankAccountData.csproj", "{43243CAB-96EE-4370-9A48-FE981409A443}"
EndProject
Project("{FAE04EC0-301F-11D3-BF4B-00C04F79EFBC}") = "12.NullValuesArithmetic", "12.NullValuesArithmetic\12.NullValuesArithmetic.csproj", "{4E67211B-11AB-45FB-9B5D-E33B2B1F689B}"
EndProject
Project("{FAE04EC0-301F-11D3-BF4B-00C04F79EFBC}") = "13.ComparingFloats", "13.ComparingFloats\13.ComparingFloats.csproj", "{8B9E5FD2-C760-4A4C-AB31-B976B3396056}"
EndProject
Project("{FAE04EC0-301F-11D3-BF4B-00C04F79EFBC}") = "14.PrintTheASCIITable", "14.PrintTheASCIITable\14.PrintTheASCIITable.csproj", "{886B0258-BD2E-48D8-8C0C-F7549E2F5C48}"
EndProject
Project("{FAE04EC0-301F-11D3-BF4B-00C04F79EFBC}") = "15.TorrentPirate", "15.TorrentPirate\15.TorrentPirate.csproj", "{BF77C3F2-EF57-430A-91F1-7BEE65787DE6}"
EndProject
Global
	GlobalSection(SolutionConfigurationPlatforms) = preSolution
		Debug|Any CPU = Debug|Any CPU
		Release|Any CPU = Release|Any CPU
	EndGlobalSection
	GlobalSection(ProjectConfigurationPlatforms) = postSolution
		{E71D63DE-C3B3-4278-8D0F-0360CF374E50}.Debug|Any CPU.ActiveCfg = Debug|Any CPU
		{E71D63DE-C3B3-4278-8D0F-0360CF374E50}.Debug|Any CPU.Build.0 = Debug|Any CPU
		{E71D63DE-C3B3-4278-8D0F-0360CF374E50}.Release|Any CPU.ActiveCfg = Release|Any CPU
		{E71D63DE-C3B3-4278-8D0F-0360CF374E50}.Release|Any CPU.Build.0 = Release|Any CPU
		{2F09C7F8-6AA5-4855-B641-317FF36DBAA6}.Debug|Any CPU.ActiveCfg = Debug|Any CPU
		{2F09C7F8-6AA5-4855-B641-317FF36DBAA6}.Debug|Any CPU.Build.0 = Debug|Any CPU
		{2F09C7F8-6AA5-4855-B641-317FF36DBAA6}.Release|Any CPU.ActiveCfg = Release|Any CPU
		{2F09C7F8-6AA5-4855-B641-317FF36DBAA6}.Release|Any CPU.Build.0 = Release|Any CPU
		{06DDDB1A-9AF2-420C-B493-E4694741ED76}.Debug|Any CPU.ActiveCfg = Debug|Any CPU
		{06DDDB1A-9AF2-420C-B493-E4694741ED76}.Debug|Any CPU.Build.0 = Debug|Any CPU
		{06DDDB1A-9AF2-420C-B493-E4694741ED76}.Release|Any CPU.ActiveCfg = Release|Any CPU
		{06DDDB1A-9AF2-420C-B493-E4694741ED76}.Release|Any CPU.Build.0 = Release|Any CPU
		{349A6C37-8F86-4005-BAF7-8DF7F24F1BAD}.Debug|Any CPU.ActiveCfg = Debug|Any CPU
		{349A6C37-8F86-4005-BAF7-8DF7F24F1BAD}.Debug|Any CPU.Build.0 = Debug|Any CPU
		{349A6C37-8F86-4005-BAF7-8DF7F24F1BAD}.Release|Any CPU.ActiveCfg = Release|Any CPU
		{349A6C37-8F86-4005-BAF7-8DF7F24F1BAD}.Release|Any CPU.Build.0 = Release|Any CPU
		{0A6A6E92-F45E-449C-A76E-82A4D4E08DBE}.Debug|Any CPU.ActiveCfg = Debug|Any CPU
		{0A6A6E92-F45E-449C-A76E-82A4D4E08DBE}.Debug|Any CPU.Build.0 = Debug|Any CPU
		{0A6A6E92-F45E-449C-A76E-82A4D4E08DBE}.Release|Any CPU.ActiveCfg = Release|Any CPU
		{0A6A6E92-F45E-449C-A76E-82A4D4E08DBE}.Release|Any CPU.Build.0 = Release|Any CPU
		{7F663233-CFBF-4E13-9799-508128BD1E67}.Debug|Any CPU.ActiveCfg = Debug|Any CPU
		{7F663233-CFBF-4E13-9799-508128BD1E67}.Debug|Any CPU.Build.0 = Debug|Any CPU
		{7F663233-CFBF-4E13-9799-508128BD1E67}.Release|Any CPU.ActiveCfg = Release|Any CPU
		{7F663233-CFBF-4E13-9799-508128BD1E67}.Release|Any CPU.Build.0 = Release|Any CPU
		{BC5343BD-E4B7-423E-AD51-00FAE451A341}.Debug|Any CPU.ActiveCfg = Debug|Any CPU
		{BC5343BD-E4B7-423E-AD51-00FAE451A341}.Debug|Any CPU.Build.0 = Debug|Any CPU
		{BC5343BD-E4B7-423E-AD51-00FAE451A341}.Release|Any CPU.ActiveCfg = Release|Any CPU
		{BC5343BD-E4B7-423E-AD51-00FAE451A341}.Release|Any CPU.Build.0 = Release|Any CPU
		{3C630B9E-7CCC-4DD9-B415-9BA6351EC224}.Debug|Any CPU.ActiveCfg = Debug|Any CPU
		{3C630B9E-7CCC-4DD9-B415-9BA6351EC224}.Debug|Any CPU.Build.0 = Debug|Any CPU
		{3C630B9E-7CCC-4DD9-B415-9BA6351EC224}.Release|Any CPU.ActiveCfg = Release|Any CPU
		{3C630B9E-7CCC-4DD9-B415-9BA6351EC224}.Release|Any CPU.Build.0 = Release|Any CPU
		{FC5C1B0C-145A-4936-908B-A996FF7CD68C}.Debug|Any CPU.ActiveCfg = Debug|Any CPU
		{FC5C1B0C-145A-4936-908B-A996FF7CD68C}.Debug|Any CPU.Build.0 = Debug|Any CPU
		{FC5C1B0C-145A-4936-908B-A996FF7CD68C}.Release|Any CPU.ActiveCfg = Release|Any CPU
		{FC5C1B0C-145A-4936-908B-A996FF7CD68C}.Release|Any CPU.Build.0 = Release|Any CPU
		{23BE7BEE-A42E-49B2-BC53-C3F12C39A58C}.Debug|Any CPU.ActiveCfg = Debug|Any CPU
		{23BE7BEE-A42E-49B2-BC53-C3F12C39A58C}.Debug|Any CPU.Build.0 = Debug|Any CPU
		{23BE7BEE-A42E-49B2-BC53-C3F12C39A58C}.Release|Any CPU.ActiveCfg = Release|Any CPU
		{23BE7BEE-A42E-49B2-BC53-C3F12C39A58C}.Release|Any CPU.Build.0 = Release|Any CPU
		{43243CAB-96EE-4370-9A48-FE981409A443}.Debug|Any CPU.ActiveCfg = Debug|Any CPU
		{43243CAB-96EE-4370-9A48-FE981409A443}.Debug|Any CPU.Build.0 = Debug|Any CPU
		{43243CAB-96EE-4370-9A48-FE981409A443}.Release|Any CPU.ActiveCfg = Release|Any CPU
		{43243CAB-96EE-4370-9A48-FE981409A443}.Release|Any CPU.Build.0 = Release|Any CPU
		{4E67211B-11AB-45FB-9B5D-E33B2B1F689B}.Debug|Any CPU.ActiveCfg = Debug|Any CPU
		{4E67211B-11AB-45FB-9B5D-E33B2B1F689B}.Debug|Any CPU.Build.0 = Debug|Any CPU
		{4E67211B-11AB-45FB-9B5D-E33B2B1F689B}.Release|Any CPU.ActiveCfg = Release|Any CPU
		{4E67211B-11AB-45FB-9B5D-E33B2B1F689B}.Release|Any CPU.Build.0 = Release|Any CPU
		{8B9E5FD2-C760-4A4C-AB31-B976B3396056}.Debug|Any CPU.ActiveCfg = Debug|Any CPU
		{8B9E5FD2-C760-4A4C-AB31-B976B3396056}.Debug|Any CPU.Build.0 = Debug|Any CPU
		{8B9E5FD2-C760-4A4C-AB31-B976B3396056}.Release|Any CPU.ActiveCfg = Release|Any CPU
		{8B9E5FD2-C760-4A4C-AB31-B976B3396056}.Release|Any CPU.Build.0 = Release|Any CPU
		{886B0258-BD2E-48D8-8C0C-F7549E2F5C48}.Debug|Any CPU.ActiveCfg = Debug|Any CPU
		{886B0258-BD2E-48D8-8C0C-F7549E2F5C48}.Debug|Any CPU.Build.0 = Debug|Any CPU
		{886B0258-BD2E-48D8-8C0C-F7549E2F5C48}.Release|Any CPU.ActiveCfg = Release|Any CPU
		{886B0258-BD2E-48D8-8C0C-F7549E2F5C48}.Release|Any CPU.Build.0 = Release|Any CPU
		{BF77C3F2-EF57-430A-91F1-7BEE65787DE6}.Debug|Any CPU.ActiveCfg = Debug|Any CPU
		{BF77C3F2-EF57-430A-91F1-7BEE65787DE6}.Debug|Any CPU.Build.0 = Debug|Any CPU
		{BF77C3F2-EF57-430A-91F1-7BEE65787DE6}.Release|Any CPU.ActiveCfg = Release|Any CPU
		{BF77C3F2-EF57-430A-91F1-7BEE65787DE6}.Release|Any CPU.Build.0 = Release|Any CPU
	EndGlobalSection
	GlobalSection(SolutionProperties) = preSolution
		HideSolutionNode = FALSE
	EndGlobalSection
EndGlobal
