
Microsoft Visual Studio Solution File, Format Version 12.00
# Visual Studio 14
VisualStudioVersion = 14.0.23107.0
MinimumVisualStudioVersion = 10.0.40219.1
Project("{FAE04EC0-301F-11D3-BF4B-00C04F79EFBC}") = "1.SummOf3Numbers", "ConsoleInputOutputHomework\1.SummOf3Numbers.csproj", "{1CD52283-1627-4AD2-A59A-DA06DA5886E8}"
EndProject
Project("{FAE04EC0-301F-11D3-BF4B-00C04F79EFBC}") = "2.PrintCompanyInformation", "2.PrintCompanyInformation\2.PrintCompanyInformation.csproj", "{8D7981FF-690E-43FF-9E00-DF06E449F04C}"
EndProject
Project("{FAE04EC0-301F-11D3-BF4B-00C04F79EFBC}") = "3.CirclePerimeterAndArea", "3.CirclePerimeterAndArea\3.CirclePerimeterAndArea.csproj", "{5DE9F729-3F67-418A-BCE9-CF29A1A493D0}"
EndProject
Project("{FAE04EC0-301F-11D3-BF4B-00C04F79EFBC}") = "4.NumberComparer", "4.NumberComparer\4.NumberComparer.csproj", "{76BB2B0D-9672-49BC-94FB-37BCAA4A580F}"
EndProject
Project("{FAE04EC0-301F-11D3-BF4B-00C04F79EFBC}") = "5.FormattingNumbers", "5.FormattingNumbers\5.FormattingNumbers.csproj", "{797280D8-866F-4F41-8E1C-FBAA482ED5AB}"
EndProject
Project("{FAE04EC0-301F-11D3-BF4B-00C04F79EFBC}") = "6.QuadraticEquation", "6.QuadraticEquation\6.QuadraticEquation.csproj", "{86572786-F4B3-4895-BAFE-BD50EC97866F}"
EndProject
Global
	GlobalSection(SolutionConfigurationPlatforms) = preSolution
		Debug|Any CPU = Debug|Any CPU
		Release|Any CPU = Release|Any CPU
	EndGlobalSection
	GlobalSection(ProjectConfigurationPlatforms) = postSolution
		{1CD52283-1627-4AD2-A59A-DA06DA5886E8}.Debug|Any CPU.ActiveCfg = Debug|Any CPU
		{1CD52283-1627-4AD2-A59A-DA06DA5886E8}.Debug|Any CPU.Build.0 = Debug|Any CPU
		{1CD52283-1627-4AD2-A59A-DA06DA5886E8}.Release|Any CPU.ActiveCfg = Release|Any CPU
		{1CD52283-1627-4AD2-A59A-DA06DA5886E8}.Release|Any CPU.Build.0 = Release|Any CPU
		{8D7981FF-690E-43FF-9E00-DF06E449F04C}.Debug|Any CPU.ActiveCfg = Debug|Any CPU
		{8D7981FF-690E-43FF-9E00-DF06E449F04C}.Debug|Any CPU.Build.0 = Debug|Any CPU
		{8D7981FF-690E-43FF-9E00-DF06E449F04C}.Release|Any CPU.ActiveCfg = Release|Any CPU
		{8D7981FF-690E-43FF-9E00-DF06E449F04C}.Release|Any CPU.Build.0 = Release|Any CPU
		{5DE9F729-3F67-418A-BCE9-CF29A1A493D0}.Debug|Any CPU.ActiveCfg = Debug|Any CPU
		{5DE9F729-3F67-418A-BCE9-CF29A1A493D0}.Debug|Any CPU.Build.0 = Debug|Any CPU
		{5DE9F729-3F67-418A-BCE9-CF29A1A493D0}.Release|Any CPU.ActiveCfg = Release|Any CPU
		{5DE9F729-3F67-418A-BCE9-CF29A1A493D0}.Release|Any CPU.Build.0 = Release|Any CPU
		{76BB2B0D-9672-49BC-94FB-37BCAA4A580F}.Debug|Any CPU.ActiveCfg = Debug|Any CPU
		{76BB2B0D-9672-49BC-94FB-37BCAA4A580F}.Debug|Any CPU.Build.0 = Debug|Any CPU
		{76BB2B0D-9672-49BC-94FB-37BCAA4A580F}.Release|Any CPU.ActiveCfg = Release|Any CPU
		{76BB2B0D-9672-49BC-94FB-37BCAA4A580F}.Release|Any CPU.Build.0 = Release|Any CPU
		{797280D8-866F-4F41-8E1C-FBAA482ED5AB}.Debug|Any CPU.ActiveCfg = Debug|Any CPU
		{797280D8-866F-4F41-8E1C-FBAA482ED5AB}.Debug|Any CPU.Build.0 = Debug|Any CPU
		{797280D8-866F-4F41-8E1C-FBAA482ED5AB}.Release|Any CPU.ActiveCfg = Release|Any CPU
		{797280D8-866F-4F41-8E1C-FBAA482ED5AB}.Release|Any CPU.Build.0 = Release|Any CPU
		{86572786-F4B3-4895-BAFE-BD50EC97866F}.Debug|Any CPU.ActiveCfg = Debug|Any CPU
		{86572786-F4B3-4895-BAFE-BD50EC97866F}.Debug|Any CPU.Build.0 = Debug|Any CPU
		{86572786-F4B3-4895-BAFE-BD50EC97866F}.Release|Any CPU.ActiveCfg = Release|Any CPU
		{86572786-F4B3-4895-BAFE-BD50EC97866F}.Release|Any CPU.Build.0 = Release|Any CPU
	EndGlobalSection
	GlobalSection(SolutionProperties) = preSolution
		HideSolutionNode = FALSE
	EndGlobalSection
EndGlobal
